
Microsoft Visual Studio Solution File, Format Version 12.00
# Visual Studio Version 16
VisualStudioVersion = 16.0.30804.86
MinimumVisualStudioVersion = 10.0.40219.1
Project("{FAE04EC0-301F-11D3-BF4B-00C04F79EFBC}") = "Myproject", "Myproject.csproj", "{50D74589-6D2F-4D3C-BCAF-096328C44D87}"
EndProject
Global
	GlobalSection(SolutionConfigurationPlatforms) = preSolution
		Debug|Any CPU = Debug|Any CPU
		Release|Any CPU = Release|Any CPU
	EndGlobalSection
	GlobalSection(ProjectConfigurationPlatforms) = postSolution
		{50D74589-6D2F-4D3C-BCAF-096328C44D87}.Debug|Any CPU.ActiveCfg = Debug|Any CPU
		{50D74589-6D2F-4D3C-BCAF-096328C44D87}.Debug|Any CPU.Build.0 = Debug|Any CPU
		{50D74589-6D2F-4D3C-BCAF-096328C44D87}.Release|Any CPU.ActiveCfg = Release|Any CPU
		{50D74589-6D2F-4D3C-BCAF-096328C44D87}.Release|Any CPU.Build.0 = Release|Any CPU
	EndGlobalSection
	GlobalSection(SolutionProperties) = preSolution
		HideSolutionNode = FALSE
	EndGlobalSection
	GlobalSection(ExtensibilityGlobals) = postSolution
		SolutionGuid = {33DD4510-944C-4DA5-9B63-E32BE9FA7398}
	EndGlobalSection
EndGlobal
